
Microsoft Visual Studio Solution File, Format Version 12.00
# Visual Studio 14
VisualStudioVersion = 14.0.24720.0
MinimumVisualStudioVersion = 10.0.40219.1
Project("{FAE04EC0-301F-11D3-BF4B-00C04F79EFBC}") = "Translator.Core", "Translator.Core\Translator.Core.csproj", "{389B084E-B941-4E86-8355-D8311A57A280}"
EndProject
Project("{FAE04EC0-301F-11D3-BF4B-00C04F79EFBC}") = "Translator.UI", "..\Translator.UI\Translator.UI.csproj", "{30E1643E-713E-4E46-9463-1793C3D07085}"
EndProject
Project("{FAE04EC0-301F-11D3-BF4B-00C04F79EFBC}") = "Translator.Core.UnitTests", "..\Translator.Core.UnitTests\Translator.Core.UnitTests.csproj", "{1826800A-F718-463F-9985-789D5E6A8A70}"
EndProject
Global
	GlobalSection(SolutionConfigurationPlatforms) = preSolution
		Debug|Any CPU = Debug|Any CPU
		Debug|ARM = Debug|ARM
		Debug|x86 = Debug|x86
		Release|Any CPU = Release|Any CPU
		Release|ARM = Release|ARM
		Release|x86 = Release|x86
	EndGlobalSection
	GlobalSection(ProjectConfigurationPlatforms) = postSolution
		{389B084E-B941-4E86-8355-D8311A57A280}.Debug|Any CPU.ActiveCfg = Debug|Any CPU
		{389B084E-B941-4E86-8355-D8311A57A280}.Debug|Any CPU.Build.0 = Debug|Any CPU
		{389B084E-B941-4E86-8355-D8311A57A280}.Debug|ARM.ActiveCfg = Debug|Any CPU
		{389B084E-B941-4E86-8355-D8311A57A280}.Debug|ARM.Build.0 = Debug|Any CPU
		{389B084E-B941-4E86-8355-D8311A57A280}.Debug|x86.ActiveCfg = Debug|Any CPU
		{389B084E-B941-4E86-8355-D8311A57A280}.Debug|x86.Build.0 = Debug|Any CPU
		{389B084E-B941-4E86-8355-D8311A57A280}.Release|Any CPU.ActiveCfg = Release|Any CPU
		{389B084E-B941-4E86-8355-D8311A57A280}.Release|Any CPU.Build.0 = Release|Any CPU
		{389B084E-B941-4E86-8355-D8311A57A280}.Release|ARM.ActiveCfg = Release|Any CPU
		{389B084E-B941-4E86-8355-D8311A57A280}.Release|ARM.Build.0 = Release|Any CPU
		{389B084E-B941-4E86-8355-D8311A57A280}.Release|x86.ActiveCfg = Release|Any CPU
		{389B084E-B941-4E86-8355-D8311A57A280}.Release|x86.Build.0 = Release|Any CPU
		{30E1643E-713E-4E46-9463-1793C3D07085}.Debug|Any CPU.ActiveCfg = Debug|Any CPU
		{30E1643E-713E-4E46-9463-1793C3D07085}.Debug|Any CPU.Build.0 = Debug|Any CPU
		{30E1643E-713E-4E46-9463-1793C3D07085}.Debug|Any CPU.Deploy.0 = Debug|Any CPU
		{30E1643E-713E-4E46-9463-1793C3D07085}.Debug|ARM.ActiveCfg = Debug|ARM
		{30E1643E-713E-4E46-9463-1793C3D07085}.Debug|ARM.Build.0 = Debug|ARM
		{30E1643E-713E-4E46-9463-1793C3D07085}.Debug|ARM.Deploy.0 = Debug|ARM
		{30E1643E-713E-4E46-9463-1793C3D07085}.Debug|x86.ActiveCfg = Debug|x86
		{30E1643E-713E-4E46-9463-1793C3D07085}.Debug|x86.Build.0 = Debug|x86
		{30E1643E-713E-4E46-9463-1793C3D07085}.Debug|x86.Deploy.0 = Debug|x86
		{30E1643E-713E-4E46-9463-1793C3D07085}.Release|Any CPU.ActiveCfg = Release|Any CPU
		{30E1643E-713E-4E46-9463-1793C3D07085}.Release|Any CPU.Build.0 = Release|Any CPU
		{30E1643E-713E-4E46-9463-1793C3D07085}.Release|Any CPU.Deploy.0 = Release|Any CPU
		{30E1643E-713E-4E46-9463-1793C3D07085}.Release|ARM.ActiveCfg = Release|ARM
		{30E1643E-713E-4E46-9463-1793C3D07085}.Release|ARM.Build.0 = Release|ARM
		{30E1643E-713E-4E46-9463-1793C3D07085}.Release|ARM.Deploy.0 = Release|ARM
		{30E1643E-713E-4E46-9463-1793C3D07085}.Release|x86.ActiveCfg = Release|x86
		{30E1643E-713E-4E46-9463-1793C3D07085}.Release|x86.Build.0 = Release|x86
		{30E1643E-713E-4E46-9463-1793C3D07085}.Release|x86.Deploy.0 = Release|x86
		{1826800A-F718-463F-9985-789D5E6A8A70}.Debug|Any CPU.ActiveCfg = Debug|Any CPU
		{1826800A-F718-463F-9985-789D5E6A8A70}.Debug|Any CPU.Build.0 = Debug|Any CPU
		{1826800A-F718-463F-9985-789D5E6A8A70}.Debug|ARM.ActiveCfg = Debug|Any CPU
		{1826800A-F718-463F-9985-789D5E6A8A70}.Debug|ARM.Build.0 = Debug|Any CPU
		{1826800A-F718-463F-9985-789D5E6A8A70}.Debug|x86.ActiveCfg = Debug|Any CPU
		{1826800A-F718-463F-9985-789D5E6A8A70}.Debug|x86.Build.0 = Debug|Any CPU
		{1826800A-F718-463F-9985-789D5E6A8A70}.Release|Any CPU.ActiveCfg = Release|Any CPU
		{1826800A-F718-463F-9985-789D5E6A8A70}.Release|Any CPU.Build.0 = Release|Any CPU
		{1826800A-F718-463F-9985-789D5E6A8A70}.Release|ARM.ActiveCfg = Release|Any CPU
		{1826800A-F718-463F-9985-789D5E6A8A70}.Release|ARM.Build.0 = Release|Any CPU
		{1826800A-F718-463F-9985-789D5E6A8A70}.Release|x86.ActiveCfg = Release|Any CPU
		{1826800A-F718-463F-9985-789D5E6A8A70}.Release|x86.Build.0 = Release|Any CPU
	EndGlobalSection
	GlobalSection(SolutionProperties) = preSolution
		HideSolutionNode = FALSE
	EndGlobalSection
EndGlobal
